# This file is autogenerated, do not edit; changes may be undone by the next 'dep ensure'.


[[projects]]
  digest = "1:e64fddc819e2abc68792a743dd857c379449a56f2b9eaf030c03fb0ec19de884"
  name = "github.com/DataDog/datadog-go"
  packages = ["statsd"]
  pruneopts = ""
  revision = "e67964b4021ad3a334e748e8811eb3cd6becbc6e"
  version = "2.1.0"

[[projects]]
  digest = "1:4a7b6a852e018acafd79bf345944a9b2a332ebb968593ff36edadd3677ebb019"
  name = "github.com/bugsnag/bugsnag-go"
  packages = [
    ".",
    "device",
    "errors",
    "headers",
    "sessions",
  ]
  pruneopts = ""
  revision = "834d8fee64233ea79b0389ad7a5a438261788f66"
  version = "v1.4.0"

[[projects]]
  digest = "1:dabac4ebc1a1ab0db927cc26be0bd5a5a31f846a8afee196b932056a345fee97"
  name = "github.com/bugsnag/panicwrap"
  packages = ["."]
  pruneopts = ""
  revision = "4009b2b7c78d820cc4a2e42f035bb557ce4ae45b"
  version = "v1.2.0"

[[projects]]
  digest = "1:0deddd908b6b4b768cfc272c16ee61e7088a60f7fe2f06c547bd3d8e1f8b8e77"
  name = "github.com/davecgh/go-spew"
  packages = ["spew"]
  pruneopts = ""
  revision = "8991bc29aa16c548c550c7ff78260e27b9ab7c73"
  version = "v1.1.1"

[[projects]]
  digest = "1:660175e70abad3868119f2c29f43339608d7d3b93c8eb178b812ed330be6c07b"
  name = "github.com/gofrs/uuid"
  packages = ["."]
  pruneopts = ""
  revision = "7077aa61129615a0d7f45c49101cd011ab221c27"
  version = "v3.1.2"

[[projects]]
  branch = "subrouter-match-err"
  digest = "1:88f974cc48e2ab70f8cd167443bee35de7e7b99e12a6d73aa86aaa37be2c5c52"
  name = "github.com/gorilla/mux"
  packages = ["."]
  pruneopts = ""
  revision = "63803a6dfc26397890ca526fd51c5518b5311b0e"
  source = "https://github.com/lavoiesl/mux.git"

[[projects]]
  digest = "1:7ab38c15bd21e056e3115c8b526d201eaf74e0308da9370997c6b3c187115d36"
  name = "github.com/imdario/mergo"
  packages = ["."]
  pruneopts = ""
  revision = "9f23e2d6bd2a77f959b2bf6acdbefd708a83a4a4"
  version = "v0.3.6"

[[projects]]
  branch = "master"
  digest = "1:2c5ad58492804c40bdaf5d92039b0cde8b5becd2b7feeb37d7d1cc36a8aa8dbe"
  name = "github.com/kardianos/osext"
  packages = ["."]
  pruneopts = ""
  revision = "ae77be60afb1dcacde03767a8c37337fad28ac14"

[[projects]]
  digest = "1:6a874e3ddfb9db2b42bd8c85b6875407c702fa868eed20634ff489bc896ccfd3"
  name = "github.com/konsorten/go-windows-terminal-sequences"
  packages = ["."]
  pruneopts = ""
  revision = "5c8c8bd35d3832f5d134ae1e1e375b69a4d25242"
  version = "v1.0.1"

[[projects]]
  branch = "master"
  digest = "1:55c48c9cfdf8bab6f4911f621616fbe223c0b72a6df9aab6b172ab7e5cfc6bd2"
  name = "github.com/nu7hatch/gouuid"
  packages = ["."]
  pruneopts = ""
  revision = "179d4d0c4d8d407a32af483c2354df1d2c91e6c3"

[[projects]]
  digest = "1:7365acd48986e205ccb8652cc746f09c8b7876030d53710ea6ef7d0bd0dcd7ca"
  name = "github.com/pkg/errors"
  packages = ["."]
  pruneopts = ""
  revision = "645ef00459ed84a119197bfb8d8205042c6df63d"
  version = "v0.8.0"

[[projects]]
  digest = "1:256484dbbcd271f9ecebc6795b2df8cad4c458dd0f5fd82a8c2fa0c29f233411"
  name = "github.com/pmezard/go-difflib"
  packages = ["difflib"]
  pruneopts = ""
  revision = "792786c7400a136282c1664665ae0a8db921c6c2"
  version = "v1.0.0"

[[projects]]
  branch = "generic_log"
  digest = "1:7a060f48340dce23557ecebcac0452e329bb3766445434bf696d0d2b0d70e61f"
  name = "github.com/sirupsen/logrus"
  packages = ["."]
  pruneopts = ""
  revision = "14fdc059caf463ccbc18c4d4a206dfa2df3361e2"
  source = "https://github.com/lugray/logrus.git"

[[projects]]
  digest = "1:c587772fb8ad29ad4db67575dad25ba17a51f072ff18a22b4f0257a4d9c24f75"
  name = "github.com/stretchr/testify"
  packages = ["assert"]
  pruneopts = ""
  revision = "f35b8ab0b5a2cef36673838d662e249dd9c94686"
  version = "v1.2.2"

[[projects]]
  branch = "master"
  digest = "1:efb97ebbd73c3a7068579327f5d98a17c09f6d8caf1fa3212c506e8bb78126b5"
  name = "golang.org/x/crypto"
  packages = ["ssh/terminal"]
  pruneopts = ""
  revision = "4d3f4d9ffa16a13f451c3b2999e9c49e9750bf06"

[[projects]]
  branch = "master"
  digest = "1:af3033f983c5f38e29c0f3c9927d96e938896f4d2e14c333d81d75f93eadd78f"
  name = "golang.org/x/net"
  packages = ["context"]
  pruneopts = ""
  revision = "c10e9556a7bc0e7c942242b606f0acf024ad5d6a"

[[projects]]
  branch = "master"
  digest = "1:a5320611dcdfc9d79e459a43442b272d9e03276107e75655d7a199aa271d456a"
  name = "golang.org/x/sys"
  packages = [
    "unix",
    "windows",
  ]
  pruneopts = ""
  revision = "9b800f95dbbc54abff0acf7ee32d88ba4e328c89"

[[projects]]
  branch = "v2"
  digest = "1:61a650a53e5e865a91ae9581f02990a4b6e3afcb8d280f19b1e67a3c284944e6"
  name = "gopkg.in/tomb.v2"
  packages = ["."]
  pruneopts = ""
  revision = "d5d1b5820637886def9eef33e03a27a9f166942c"

[solve-meta]
  analyzer-name = "dep"
  analyzer-version = 1
  input-imports = [
    "github.com/DataDog/datadog-go/statsd",
    "github.com/bugsnag/bugsnag-go",
    "github.com/bugsnag/bugsnag-go/errors",
    "github.com/gorilla/mux",
    "github.com/imdario/mergo",
    "github.com/nu7hatch/gouuid",
    "github.com/pkg/errors",
    "github.com/sirupsen/logrus",
    "github.com/stretchr/testify/assert",
    "gopkg.in/tomb.v2",
  ]
  solver-name = "gps-cdcl"
  solver-version = 1
